PODS:
  - Alamofire (4.8.2)
  - Hippolyte (0.7.1)
  - SwiftyJSON (5.0.0)

DEPENDENCIES:
  - Alamofire
  - Hippolyte
  - SwiftyJSON

SPEC REPOS:
  https://github.com/cocoapods/specs.git:
    - Alamofire
    - Hippolyte
    - SwiftyJSON

SPEC CHECKSUMS:
  Alamofire: ae5c501addb7afdbb13687d7f2f722c78734c2d3
  Hippolyte: 811df5756a74ff55b2b1313d4663f93b916f85b1
  SwiftyJSON: 36413e04c44ee145039d332b4f4e2d3e8d6c4db7

PODFILE CHECKSUM: e3401a62b717d2a9217ae451ceb1daae1c924797

COCOAPODS: 1.7.0.rc.1
