// !$*UTF8*$!
{
	archiveVersion = 1;
	classes = {
	};
	objectVersion = 50;
	objects = {

/* Begin PBXBuildFile section */
		5009278122889DE500FB2CE6 /* AppDelegate.swift in Sources */ = {isa = PBXBuildFile; fileRef = 5009278022889DE500FB2CE6 /* AppDelegate.swift */; };
		5009278322889DE500FB2CE6 /* SearchResultsViewController.swift in Sources */ = {isa = PBXBuildFile; fileRef = 5009278222889DE500FB2CE6 /* SearchResultsViewController.swift */; };
		5009278622889DE500FB2CE6 /* Main.storyboard in Resources */ = {isa = PBXBuildFile; fileRef = 5009278422889DE500FB2CE6 /* Main.storyboard */; };
		5009278B22889DE600FB2CE6 /* LaunchScreen.storyboard in Resources */ = {isa = PBXBuildFile; fileRef = 5009278922889DE600FB2CE6 /* LaunchScreen.storyboard */; };
		500D8D1D2295621D007E85A6 /* ShoppingListViewController.swift in Sources */ = {isa = PBXBuildFile; fileRef = 500D8D1C2295621D007E85A6 /* ShoppingListViewController.swift */; };
		500FE37D228EE76200157F77 /* RecipeDetailsViewController.swift in Sources */ = {isa = PBXBuildFile; fileRef = 500FE37C228EE76200157F77 /* RecipeDetailsViewController.swift */; };
		500FE37F228EEE8B00157F77 /* RecipeListTableViewCell.swift in Sources */ = {isa = PBXBuildFile; fileRef = 500FE37E228EEE8B00157F77 /* RecipeListTableViewCell.swift */; };
		500FE3862292A63900157F77 /* AddViewController.swift in Sources */ = {isa = PBXBuildFile; fileRef = 500FE3852292A63900157F77 /* AddViewController.swift */; };
		5017CE632297BEFC00163163 /* SettingsViewController.swift in Sources */ = {isa = PBXBuildFile; fileRef = 5017CE622297BEFC00163163 /* SettingsViewController.swift */; };
		504FF7EF228DFF2D00681272 /* Assets.xcassets in Resources */ = {isa = PBXBuildFile; fileRef = 504FF7EE228DFF2D00681272 /* Assets.xcassets */; };
		508D1CD8229D6D4A008DA723 /* SearchBarViewController.swift in Sources */ = {isa = PBXBuildFile; fileRef = 508D1CD7229D6D4A008DA723 /* SearchBarViewController.swift */; };
		508D1CDB229D6E24008DA723 /* GradientLayer.swift in Sources */ = {isa = PBXBuildFile; fileRef = 508D1CDA229D6E24008DA723 /* GradientLayer.swift */; };
		508D1CDD229E5799008DA723 /* Colors.swift in Sources */ = {isa = PBXBuildFile; fileRef = 508D1CDC229E5799008DA723 /* Colors.swift */; };
		508D1CDF229EB0CC008DA723 /* IngredientsTableViewCell.swift in Sources */ = {isa = PBXBuildFile; fileRef = 508D1CDE229EB0CC008DA723 /* IngredientsTableViewCell.swift */; };
		508D1CE4229FA358008DA723 /* WebViewController.swift in Sources */ = {isa = PBXBuildFile; fileRef = 508D1CE3229FA358008DA723 /* WebViewController.swift */; };
		508D1CE7229FCB41008DA723 /* WebKit.framework in Frameworks */ = {isa = PBXBuildFile; fileRef = 508D1CE6229FCB41008DA723 /* WebKit.framework */; };
		50AE4C5A2295865900467ADE /* ShoppingListItemTableViewCell.swift in Sources */ = {isa = PBXBuildFile; fileRef = 50AE4C592295865900467ADE /* ShoppingListItemTableViewCell.swift */; };
		50AE4C5D2296743500467ADE /* WeekListTableViewCell.swift in Sources */ = {isa = PBXBuildFile; fileRef = 50AE4C5C2296743500467ADE /* WeekListTableViewCell.swift */; };
		50AE4C5F229675BC00467ADE /* WeeksMenuViewController.swift in Sources */ = {isa = PBXBuildFile; fileRef = 50AE4C5E229675BC00467ADE /* WeeksMenuViewController.swift */; };
		50AE4C6122968F2F00467ADE /* MenuDisplayViewController.swift in Sources */ = {isa = PBXBuildFile; fileRef = 50AE4C6022968F2F00467ADE /* MenuDisplayViewController.swift */; };
		50AE4C6D2296D4F600467ADE /* DayMealPlanTableViewCell.swift in Sources */ = {isa = PBXBuildFile; fileRef = 50AE4C6C2296D4F600467ADE /* DayMealPlanTableViewCell.swift */; };
/* End PBXBuildFile section */

/* Begin PBXFileReference section */
		5009277D22889DE500FB2CE6 /* RecipeAid.app */ = {isa = PBXFileReference; explicitFileType = wrapper.application; includeInIndex = 0; path = RecipeAid.app; sourceTree = BUILT_PRODUCTS_DIR; };
		5009278022889DE500FB2CE6 /* AppDelegate.swift */ = {isa = PBXFileReference; lastKnownFileType = sourcecode.swift; path = AppDelegate.swift; sourceTree = "<group>"; };
		5009278222889DE500FB2CE6 /* SearchResultsViewController.swift */ = {isa = PBXFileReference; lastKnownFileType = sourcecode.swift; path = SearchResultsViewController.swift; sourceTree = "<group>"; };
		5009278522889DE500FB2CE6 /* Base */ = {isa = PBXFileReference; lastKnownFileType = file.storyboard; name = Base; path = Base.lproj/Main.storyboard; sourceTree = "<group>"; };
		5009278A22889DE600FB2CE6 /* Base */ = {isa = PBXFileReference; lastKnownFileType = file.storyboard; name = Base; path = Base.lproj/LaunchScreen.storyboard; sourceTree = "<group>"; };
		5009278C22889DE600FB2CE6 /* Info.plist */ = {isa = PBXFileReference; lastKnownFileType = text.plist.xml; path = Info.plist; sourceTree = "<group>"; };
		500D8D1C2295621D007E85A6 /* ShoppingListViewController.swift */ = {isa = PBXFileReference; lastKnownFileType = sourcecode.swift; path = ShoppingListViewController.swift; sourceTree = "<group>"; };
		500FE37C228EE76200157F77 /* RecipeDetailsViewController.swift */ = {isa = PBXFileReference; lastKnownFileType = sourcecode.swift; path = RecipeDetailsViewController.swift; sourceTree = "<group>"; };
		500FE37E228EEE8B00157F77 /* RecipeListTableViewCell.swift */ = {isa = PBXFileReference; lastKnownFileType = sourcecode.swift; path = RecipeListTableViewCell.swift; sourceTree = "<group>"; };
		500FE3852292A63900157F77 /* AddViewController.swift */ = {isa = PBXFileReference; lastKnownFileType = sourcecode.swift; path = AddViewController.swift; sourceTree = "<group>"; };
		5017CE622297BEFC00163163 /* SettingsViewController.swift */ = {isa = PBXFileReference; lastKnownFileType = sourcecode.swift; path = SettingsViewController.swift; sourceTree = "<group>"; };
		504FF7EE228DFF2D00681272 /* Assets.xcassets */ = {isa = PBXFileReference; lastKnownFileType = folder.assetcatalog; path = Assets.xcassets; sourceTree = "<group>"; };
		508D1CD7229D6D4A008DA723 /* SearchBarViewController.swift */ = {isa = PBXFileReference; lastKnownFileType = sourcecode.swift; path = SearchBarViewController.swift; sourceTree = "<group>"; };
		508D1CDA229D6E24008DA723 /* GradientLayer.swift */ = {isa = PBXFileReference; lastKnownFileType = sourcecode.swift; path = GradientLayer.swift; sourceTree = "<group>"; };
		508D1CDC229E5799008DA723 /* Colors.swift */ = {isa = PBXFileReference; lastKnownFileType = sourcecode.swift; path = Colors.swift; sourceTree = "<group>"; };
		508D1CDE229EB0CC008DA723 /* IngredientsTableViewCell.swift */ = {isa = PBXFileReference; lastKnownFileType = sourcecode.swift; path = IngredientsTableViewCell.swift; sourceTree = "<group>"; };
		508D1CE3229FA358008DA723 /* WebViewController.swift */ = {isa = PBXFileReference; lastKnownFileType = sourcecode.swift; path = WebViewController.swift; sourceTree = "<group>"; };
		508D1CE6229FCB41008DA723 /* WebKit.framework */ = {isa = PBXFileReference; lastKnownFileType = wrapper.framework; name = WebKit.framework; path = System/Library/Frameworks/WebKit.framework; sourceTree = SDKROOT; };
		50AE4C592295865900467ADE /* ShoppingListItemTableViewCell.swift */ = {isa = PBXFileReference; lastKnownFileType = sourcecode.swift; path = ShoppingListItemTableViewCell.swift; sourceTree = "<group>"; };
		50AE4C5C2296743500467ADE /* WeekListTableViewCell.swift */ = {isa = PBXFileReference; lastKnownFileType = sourcecode.swift; path = WeekListTableViewCell.swift; sourceTree = "<group>"; };
		50AE4C5E229675BC00467ADE /* WeeksMenuViewController.swift */ = {isa = PBXFileReference; lastKnownFileType = sourcecode.swift; path = WeeksMenuViewController.swift; sourceTree = "<group>"; };
		50AE4C6022968F2F00467ADE /* MenuDisplayViewController.swift */ = {isa = PBXFileReference; lastKnownFileType = sourcecode.swift; path = MenuDisplayViewController.swift; sourceTree = "<group>"; };
		50AE4C6C2296D4F600467ADE /* DayMealPlanTableViewCell.swift */ = {isa = PBXFileReference; lastKnownFileType = sourcecode.swift; path = DayMealPlanTableViewCell.swift; sourceTree = "<group>"; };
/* End PBXFileReference section */

/* Begin PBXFrameworksBuildPhase section */
		5009277A22889DE500FB2CE6 /* Frameworks */ = {
			isa = PBXFrameworksBuildPhase;
			buildActionMask = 2147483647;
			files = (
				508D1CE7229FCB41008DA723 /* WebKit.framework in Frameworks */,
			);
			runOnlyForDeploymentPostprocessing = 0;
		};
/* End PBXFrameworksBuildPhase section */

/* Begin PBXGroup section */
		5009277422889DE500FB2CE6 = {
			isa = PBXGroup;
			children = (
				5009277F22889DE500FB2CE6 /* RecipeAid */,
				5009277E22889DE500FB2CE6 /* Products */,
				508D1CE5229FCB40008DA723 /* Frameworks */,
			);
			sourceTree = "<group>";
		};
		5009277E22889DE500FB2CE6 /* Products */ = {
			isa = PBXGroup;
			children = (
				5009277D22889DE500FB2CE6 /* RecipeAid.app */,
			);
			name = Products;
			sourceTree = "<group>";
		};
		5009277F22889DE500FB2CE6 /* RecipeAid */ = {
			isa = PBXGroup;
			children = (
				508D1CD9229D6E02008DA723 /* UIFunctions */,
				5017CE612297BEE200163163 /* Settings */,
				50AE4C5B229673FC00467ADE /* Menu */,
				500D8D1B229561EC007E85A6 /* ShoppingList */,
				500FE3842292A5E100157F77 /* SearchAndAdd */,
				504FF7EE228DFF2D00681272 /* Assets.xcassets */,
				5009278022889DE500FB2CE6 /* AppDelegate.swift */,
				5009278422889DE500FB2CE6 /* Main.storyboard */,
				5009278922889DE600FB2CE6 /* LaunchScreen.storyboard */,
				5009278C22889DE600FB2CE6 /* Info.plist */,
			);
			path = RecipeAid;
			sourceTree = "<group>";
		};
		500D8D1B229561EC007E85A6 /* ShoppingList */ = {
			isa = PBXGroup;
			children = (
				500D8D1C2295621D007E85A6 /* ShoppingListViewController.swift */,
				50AE4C592295865900467ADE /* ShoppingListItemTableViewCell.swift */,
			);
			path = ShoppingList;
			sourceTree = "<group>";
		};
		500FE3842292A5E100157F77 /* SearchAndAdd */ = {
			isa = PBXGroup;
			children = (
				508D1CE2229EB6B3008DA723 /* AddRecipe */,
				508D1CE1229EB694008DA723 /* Details */,
				508D1CE0229EB669008DA723 /* Search */,
			);
			path = SearchAndAdd;
			sourceTree = "<group>";
		};
		5017CE612297BEE200163163 /* Settings */ = {
			isa = PBXGroup;
			children = (
				5017CE622297BEFC00163163 /* SettingsViewController.swift */,
			);
			path = Settings;
			sourceTree = "<group>";
		};
		508D1CD9229D6E02008DA723 /* UIFunctions */ = {
			isa = PBXGroup;
			children = (
				508D1CDA229D6E24008DA723 /* GradientLayer.swift */,
				508D1CDC229E5799008DA723 /* Colors.swift */,
			);
			path = UIFunctions;
			sourceTree = "<group>";
		};
		508D1CE0229EB669008DA723 /* Search */ = {
			isa = PBXGroup;
			children = (
				5009278222889DE500FB2CE6 /* SearchResultsViewController.swift */,
				508D1CD7229D6D4A008DA723 /* SearchBarViewController.swift */,
				500FE37E228EEE8B00157F77 /* RecipeListTableViewCell.swift */,
			);
			path = Search;
			sourceTree = "<group>";
		};
		508D1CE1229EB694008DA723 /* Details */ = {
			isa = PBXGroup;
			children = (
				508D1CDE229EB0CC008DA723 /* IngredientsTableViewCell.swift */,
				500FE37C228EE76200157F77 /* RecipeDetailsViewController.swift */,
				508D1CE3229FA358008DA723 /* WebViewController.swift */,
			);
			path = Details;
			sourceTree = "<group>";
		};
		508D1CE2229EB6B3008DA723 /* AddRecipe */ = {
			isa = PBXGroup;
			children = (
				500FE3852292A63900157F77 /* AddViewController.swift */,
			);
			path = AddRecipe;
			sourceTree = "<group>";
		};
		508D1CE5229FCB40008DA723 /* Frameworks */ = {
			isa = PBXGroup;
			children = (
				508D1CE6229FCB41008DA723 /* WebKit.framework */,
			);
			name = Frameworks;
			sourceTree = "<group>";
		};
		50AE4C5B229673FC00467ADE /* Menu */ = {
			isa = PBXGroup;
			children = (
				50AE4C5C2296743500467ADE /* WeekListTableViewCell.swift */,
				50AE4C5E229675BC00467ADE /* WeeksMenuViewController.swift */,
				50AE4C6022968F2F00467ADE /* MenuDisplayViewController.swift */,
				50AE4C6C2296D4F600467ADE /* DayMealPlanTableViewCell.swift */,
			);
			path = Menu;
			sourceTree = "<group>";
		};
/* End PBXGroup section */

/* Begin PBXNativeTarget section */
		5009277C22889DE500FB2CE6 /* RecipeAid */ = {
			isa = PBXNativeTarget;
			buildConfigurationList = 5009278F22889DE700FB2CE6 /* Build configuration list for PBXNativeTarget "RecipeAid" */;
			buildPhases = (
				5009277922889DE500FB2CE6 /* Sources */,
				5009277A22889DE500FB2CE6 /* Frameworks */,
				5009277B22889DE500FB2CE6 /* Resources */,
				5017CE642297DC7D00163163 /* ShellScript */,
			);
			buildRules = (
			);
			dependencies = (
			);
			name = RecipeAid;
			productName = "AGameOfBones-Recipe-Aid";
			productReference = 5009277D22889DE500FB2CE6 /* RecipeAid.app */;
			productType = "com.apple.product-type.application";
		};
/* End PBXNativeTarget section */

/* Begin PBXProject section */
		5009277522889DE500FB2CE6 /* Project object */ = {
			isa = PBXProject;
			attributes = {
				LastSwiftUpdateCheck = 1020;
				LastUpgradeCheck = 1020;
				ORGANIZATIONNAME = "Meir Rosendorff";
				TargetAttributes = {
					5009277C22889DE500FB2CE6 = {
						CreatedOnToolsVersion = 10.2.1;
					};
				};
			};
			buildConfigurationList = 5009277822889DE500FB2CE6 /* Build configuration list for PBXProject "RecipeAid" */;
			compatibilityVersion = "Xcode 9.3";
			developmentRegion = en;
			hasScannedForEncodings = 0;
			knownRegions = (
				en,
				Base,
			);
			mainGroup = 5009277422889DE500FB2CE6;
			productRefGroup = 5009277E22889DE500FB2CE6 /* Products */;
			projectDirPath = "";
			projectRoot = "";
			targets = (
				5009277C22889DE500FB2CE6 /* RecipeAid */,
			);
		};
/* End PBXProject section */

/* Begin PBXResourcesBuildPhase section */
		5009277B22889DE500FB2CE6 /* Resources */ = {
			isa = PBXResourcesBuildPhase;
			buildActionMask = 2147483647;
			files = (
				5009278B22889DE600FB2CE6 /* LaunchScreen.storyboard in Resources */,
				504FF7EF228DFF2D00681272 /* Assets.xcassets in Resources */,
				5009278622889DE500FB2CE6 /* Main.storyboard in Resources */,
			);
			runOnlyForDeploymentPostprocessing = 0;
		};
/* End PBXResourcesBuildPhase section */

/* Begin PBXShellScriptBuildPhase section */
		5017CE642297DC7D00163163 /* ShellScript */ = {
			isa = PBXShellScriptBuildPhase;
			buildActionMask = 2147483647;
			files = (
			);
			inputFileListPaths = (
			);
			inputPaths = (
			);
			outputFileListPaths = (
			);
			outputPaths = (
			);
			runOnlyForDeploymentPostprocessing = 0;
			shellPath = /bin/sh;
			shellScript = "if which swiftlint >/dev/null; then\nswiftlint\nelse\necho \"warning: SwiftLint not installed, download from https://github.com/realm/SwiftLint\"\nfi\n";
		};
/* End PBXShellScriptBuildPhase section */

/* Begin PBXSourcesBuildPhase section */
		5009277922889DE500FB2CE6 /* Sources */ = {
			isa = PBXSourcesBuildPhase;
			buildActionMask = 2147483647;
			files = (
				500FE3862292A63900157F77 /* AddViewController.swift in Sources */,
				50AE4C5D2296743500467ADE /* WeekListTableViewCell.swift in Sources */,
				508D1CDD229E5799008DA723 /* Colors.swift in Sources */,
				5009278322889DE500FB2CE6 /* SearchResultsViewController.swift in Sources */,
				508D1CE4229FA358008DA723 /* WebViewController.swift in Sources */,
				508D1CDB229D6E24008DA723 /* GradientLayer.swift in Sources */,
				50AE4C5A2295865900467ADE /* ShoppingListItemTableViewCell.swift in Sources */,
				508D1CD8229D6D4A008DA723 /* SearchBarViewController.swift in Sources */,
				50AE4C5F229675BC00467ADE /* WeeksMenuViewController.swift in Sources */,
				508D1CDF229EB0CC008DA723 /* IngredientsTableViewCell.swift in Sources */,
				500D8D1D2295621D007E85A6 /* ShoppingListViewController.swift in Sources */,
				50AE4C6122968F2F00467ADE /* MenuDisplayViewController.swift in Sources */,
				500FE37D228EE76200157F77 /* RecipeDetailsViewController.swift in Sources */,
				50AE4C6D2296D4F600467ADE /* DayMealPlanTableViewCell.swift in Sources */,
				5009278122889DE500FB2CE6 /* AppDelegate.swift in Sources */,
				500FE37F228EEE8B00157F77 /* RecipeListTableViewCell.swift in Sources */,
				5017CE632297BEFC00163163 /* SettingsViewController.swift in Sources */,
			);
			runOnlyForDeploymentPostprocessing = 0;
		};
/* End PBXSourcesBuildPhase section */

/* Begin PBXVariantGroup section */
		5009278422889DE500FB2CE6 /* Main.storyboard */ = {
			isa = PBXVariantGroup;
			children = (
				5009278522889DE500FB2CE6 /* Base */,
			);
			name = Main.storyboard;
			sourceTree = "<group>";
		};
		5009278922889DE600FB2CE6 /* LaunchScreen.storyboard */ = {
			isa = PBXVariantGroup;
			children = (
				5009278A22889DE600FB2CE6 /* Base */,
			);
			name = LaunchScreen.storyboard;
			sourceTree = "<group>";
		};
/* End PBXVariantGroup section */

/* Begin XCBuildConfiguration section */
		5009278D22889DE700FB2CE6 /* Debug */ = {
			isa = XCBuildConfiguration;
			buildSettings = {
				ALWAYS_SEARCH_USER_PATHS = NO;
				CLANG_ANALYZER_NONNULL = YES;
				CLANG_ANALYZER_NUMBER_OBJECT_CONVERSION = YES_AGGRESSIVE;
				CLANG_CXX_LANGUAGE_STANDARD = "gnu++14";
				CLANG_CXX_LIBRARY = "libc++";
				CLANG_ENABLE_MODULES = YES;
				CLANG_ENABLE_OBJC_ARC = YES;
				CLANG_ENABLE_OBJC_WEAK = YES;
				CLANG_WARN_BLOCK_CAPTURE_AUTORELEASING = YES;
				CLANG_WARN_BOOL_CONVERSION = YES;
				CLANG_WARN_COMMA = YES;
				CLANG_WARN_CONSTANT_CONVERSION = YES;
				CLANG_WARN_DEPRECATED_OBJC_IMPLEMENTATIONS = YES;
				CLANG_WARN_DIRECT_OBJC_ISA_USAGE = YES_ERROR;
				CLANG_WARN_DOCUMENTATION_COMMENTS = YES;
				CLANG_WARN_EMPTY_BODY = YES;
				CLANG_WARN_ENUM_CONVERSION = YES;
				CLANG_WARN_INFINITE_RECURSION = YES;
				CLANG_WARN_INT_CONVERSION = YES;
				CLANG_WARN_NON_LITERAL_NULL_CONVERSION = YES;
				CLANG_WARN_OBJC_IMPLICIT_RETAIN_SELF = YES;
				CLANG_WARN_OBJC_LITERAL_CONVERSION = YES;
				CLANG_WARN_OBJC_ROOT_CLASS = YES_ERROR;
				CLANG_WARN_RANGE_LOOP_ANALYSIS = YES;
				CLANG_WARN_STRICT_PROTOTYPES = YES;
				CLANG_WARN_SUSPICIOUS_MOVE = YES;
				CLANG_WARN_UNGUARDED_AVAILABILITY = YES_AGGRESSIVE;
				CLANG_WARN_UNREACHABLE_CODE = YES;
				CLANG_WARN__DUPLICATE_METHOD_MATCH = YES;
				CODE_SIGN_IDENTITY = "iPhone Developer";
				COPY_PHASE_STRIP = NO;
				DEBUG_INFORMATION_FORMAT = dwarf;
				ENABLE_STRICT_OBJC_MSGSEND = YES;
				ENABLE_TESTABILITY = YES;
				GCC_C_LANGUAGE_STANDARD = gnu11;
				GCC_DYNAMIC_NO_PIC = NO;
				GCC_NO_COMMON_BLOCKS = YES;
				GCC_OPTIMIZATION_LEVEL = 0;
				GCC_PREPROCESSOR_DEFINITIONS = (
					"DEBUG=1",
					"$(inherited)",
				);
				GCC_WARN_64_TO_32_BIT_CONVERSION = YES;
				GCC_WARN_ABOUT_RETURN_TYPE = YES_ERROR;
				GCC_WARN_UNDECLARED_SELECTOR = YES;
				GCC_WARN_UNINITIALIZED_AUTOS = YES_AGGRESSIVE;
				GCC_WARN_UNUSED_FUNCTION = YES;
				GCC_WARN_UNUSED_VARIABLE = YES;
				IPHONEOS_DEPLOYMENT_TARGET = 12.2;
				MTL_ENABLE_DEBUG_INFO = INCLUDE_SOURCE;
				MTL_FAST_MATH = YES;
				ONLY_ACTIVE_ARCH = YES;
				SDKROOT = iphoneos;
				SWIFT_ACTIVE_COMPILATION_CONDITIONS = DEBUG;
				SWIFT_OPTIMIZATION_LEVEL = "-Onone";
			};
			name = Debug;
		};
		5009278E22889DE700FB2CE6 /* Release */ = {
			isa = XCBuildConfiguration;
			buildSettings = {
				ALWAYS_SEARCH_USER_PATHS = NO;
				CLANG_ANALYZER_NONNULL = YES;
				CLANG_ANALYZER_NUMBER_OBJECT_CONVERSION = YES_AGGRESSIVE;
				CLANG_CXX_LANGUAGE_STANDARD = "gnu++14";
				CLANG_CXX_LIBRARY = "libc++";
				CLANG_ENABLE_MODULES = YES;
				CLANG_ENABLE_OBJC_ARC = YES;
				CLANG_ENABLE_OBJC_WEAK = YES;
				CLANG_WARN_BLOCK_CAPTURE_AUTORELEASING = YES;
				CLANG_WARN_BOOL_CONVERSION = YES;
				CLANG_WARN_COMMA = YES;
				CLANG_WARN_CONSTANT_CONVERSION = YES;
				CLANG_WARN_DEPRECATED_OBJC_IMPLEMENTATIONS = YES;
				CLANG_WARN_DIRECT_OBJC_ISA_USAGE = YES_ERROR;
				CLANG_WARN_DOCUMENTATION_COMMENTS = YES;
				CLANG_WARN_EMPTY_BODY = YES;
				CLANG_WARN_ENUM_CONVERSION = YES;
				CLANG_WARN_INFINITE_RECURSION = YES;
				CLANG_WARN_INT_CONVERSION = YES;
				CLANG_WARN_NON_LITERAL_NULL_CONVERSION = YES;
				CLANG_WARN_OBJC_IMPLICIT_RETAIN_SELF = YES;
				CLANG_WARN_OBJC_LITERAL_CONVERSION = YES;
				CLANG_WARN_OBJC_ROOT_CLASS = YES_ERROR;
				CLANG_WARN_RANGE_LOOP_ANALYSIS = YES;
				CLANG_WARN_STRICT_PROTOTYPES = YES;
				CLANG_WARN_SUSPICIOUS_MOVE = YES;
				CLANG_WARN_UNGUARDED_AVAILABILITY = YES_AGGRESSIVE;
				CLANG_WARN_UNREACHABLE_CODE = YES;
				CLANG_WARN__DUPLICATE_METHOD_MATCH = YES;
				CODE_SIGN_IDENTITY = "iPhone Developer";
				COPY_PHASE_STRIP = NO;
				DEBUG_INFORMATION_FORMAT = "dwarf-with-dsym";
				ENABLE_NS_ASSERTIONS = NO;
				ENABLE_STRICT_OBJC_MSGSEND = YES;
				GCC_C_LANGUAGE_STANDARD = gnu11;
				GCC_NO_COMMON_BLOCKS = YES;
				GCC_WARN_64_TO_32_BIT_CONVERSION = YES;
				GCC_WARN_ABOUT_RETURN_TYPE = YES_ERROR;
				GCC_WARN_UNDECLARED_SELECTOR = YES;
				GCC_WARN_UNINITIALIZED_AUTOS = YES_AGGRESSIVE;
				GCC_WARN_UNUSED_FUNCTION = YES;
				GCC_WARN_UNUSED_VARIABLE = YES;
				IPHONEOS_DEPLOYMENT_TARGET = 12.2;
				MTL_ENABLE_DEBUG_INFO = NO;
				MTL_FAST_MATH = YES;
				SDKROOT = iphoneos;
				SWIFT_COMPILATION_MODE = wholemodule;
				SWIFT_OPTIMIZATION_LEVEL = "-O";
				VALIDATE_PRODUCT = YES;
			};
			name = Release;
		};
		5009279022889DE700FB2CE6 /* Debug */ = {
			isa = XCBuildConfiguration;
			buildSettings = {
				ASSETCATALOG_COMPILER_APPICON_NAME = AppIcon;
				CODE_SIGN_STYLE = Automatic;
				DEVELOPMENT_TEAM = 248XUAAJP7;
				INFOPLIST_FILE = RecipeAid/Info.plist;
				LD_RUNPATH_SEARCH_PATHS = (
					"$(inherited)",
					"@executable_path/Frameworks",
				);
				PRODUCT_BUNDLE_IDENTIFIER = mrosendorfff.RecipeAid;
				PRODUCT_NAME = "$(TARGET_NAME)";
				SWIFT_VERSION = 5.0;
				TARGETED_DEVICE_FAMILY = "1,2";
			};
			name = Debug;
		};
		5009279122889DE700FB2CE6 /* Release */ = {
			isa = XCBuildConfiguration;
			buildSettings = {
				ASSETCATALOG_COMPILER_APPICON_NAME = AppIcon;
				CODE_SIGN_STYLE = Automatic;
				DEVELOPMENT_TEAM = 248XUAAJP7;
				INFOPLIST_FILE = RecipeAid/Info.plist;
				LD_RUNPATH_SEARCH_PATHS = (
					"$(inherited)",
					"@executable_path/Frameworks",
				);
				PRODUCT_BUNDLE_IDENTIFIER = mrosendorfff.RecipeAid;
				PRODUCT_NAME = "$(TARGET_NAME)";
				SWIFT_VERSION = 5.0;
				TARGETED_DEVICE_FAMILY = "1,2";
			};
			name = Release;
		};
/* End XCBuildConfiguration section */

/* Begin XCConfigurationList section */
		5009277822889DE500FB2CE6 /* Build configuration list for PBXProject "RecipeAid" */ = {
			isa = XCConfigurationList;
			buildConfigurations = (
				5009278D22889DE700FB2CE6 /* Debug */,
				5009278E22889DE700FB2CE6 /* Release */,
			);
			defaultConfigurationIsVisible = 0;
			defaultConfigurationName = Release;
		};
		5009278F22889DE700FB2CE6 /* Build configuration list for PBXNativeTarget "RecipeAid" */ = {
			isa = XCConfigurationList;
			buildConfigurations = (
				5009279022889DE700FB2CE6 /* Debug */,
				5009279122889DE700FB2CE6 /* Release */,
			);
			defaultConfigurationIsVisible = 0;
			defaultConfigurationName = Release;
		};
/* End XCConfigurationList section */
	};
	rootObject = 5009277522889DE500FB2CE6 /* Project object */;
}
